
Microsoft Visual Studio Solution File, Format Version 12.00
# Visual Studio Version 17
VisualStudioVersion = 17.0.32014.148
MinimumVisualStudioVersion = 10.0.40219.1
Project("{FAE04EC0-301F-11D3-BF4B-00C04F79EFBC}") = "PadeApproximation", "PadeApproximation\PadeApproximation.csproj", "{8743A975-AE44-4928-8FCB-7584E34A2E8F}"
EndProject
Global
	GlobalSection(SolutionConfigurationPlatforms) = preSolution
		Debug|Any CPU = Debug|Any CPU
		Release|Any CPU = Release|Any CPU
	EndGlobalSection
	GlobalSection(ProjectConfigurationPlatforms) = postSolution
		{8743A975-AE44-4928-8FCB-7584E34A2E8F}.Debug|Any CPU.ActiveCfg = Debug|Any CPU
		{8743A975-AE44-4928-8FCB-7584E34A2E8F}.Debug|Any CPU.Build.0 = Debug|Any CPU
		{8743A975-AE44-4928-8FCB-7584E34A2E8F}.Release|Any CPU.ActiveCfg = Release|Any CPU
		{8743A975-AE44-4928-8FCB-7584E34A2E8F}.Release|Any CPU.Build.0 = Release|Any CPU
	EndGlobalSection
	GlobalSection(SolutionProperties) = preSolution
		HideSolutionNode = FALSE
	EndGlobalSection
	GlobalSection(ExtensibilityGlobals) = postSolution
		SolutionGuid = {6F3A458F-8661-48E1-B75B-E2D3A5501556}
	EndGlobalSection
EndGlobal
